
Microsoft Visual Studio Solution File, Format Version 12.00
# Visual Studio Version 17
VisualStudioVersion = 17.4.33110.190
MinimumVisualStudioVersion = 10.0.40219.1
Project("{FAE04EC0-301F-11D3-BF4B-00C04F79EFBC}") = "ProgrammingLanguage", "ProgrammingLanguage\ProgrammingLanguage.csproj", "{45D870A1-6CB5-40BE-BE05-F019ACDB6B13}"
EndProject
Project("{FAE04EC0-301F-11D3-BF4B-00C04F79EFBC}") = "Domain", "Domain\Domain.csproj", "{9AFC5E55-FA36-4B4F-BD6F-A489CCF386A2}"
EndProject
Project("{FAE04EC0-301F-11D3-BF4B-00C04F79EFBC}") = "Service", "Service\Service.csproj", "{5701F203-BD39-4826-81D9-1E32831D8A21}"
EndProject
Global
	GlobalSection(SolutionConfigurationPlatforms) = preSolution
		Debug|Any CPU = Debug|Any CPU
		Release|Any CPU = Release|Any CPU
	EndGlobalSection
	GlobalSection(ProjectConfigurationPlatforms) = postSolution
		{45D870A1-6CB5-40BE-BE05-F019ACDB6B13}.Debug|Any CPU.ActiveCfg = Debug|Any CPU
		{45D870A1-6CB5-40BE-BE05-F019ACDB6B13}.Debug|Any CPU.Build.0 = Debug|Any CPU
		{45D870A1-6CB5-40BE-BE05-F019ACDB6B13}.Release|Any CPU.ActiveCfg = Release|Any CPU
		{45D870A1-6CB5-40BE-BE05-F019ACDB6B13}.Release|Any CPU.Build.0 = Release|Any CPU
		{9AFC5E55-FA36-4B4F-BD6F-A489CCF386A2}.Debug|Any CPU.ActiveCfg = Debug|Any CPU
		{9AFC5E55-FA36-4B4F-BD6F-A489CCF386A2}.Debug|Any CPU.Build.0 = Debug|Any CPU
		{9AFC5E55-FA36-4B4F-BD6F-A489CCF386A2}.Release|Any CPU.ActiveCfg = Release|Any CPU
		{9AFC5E55-FA36-4B4F-BD6F-A489CCF386A2}.Release|Any CPU.Build.0 = Release|Any CPU
		{5701F203-BD39-4826-81D9-1E32831D8A21}.Debug|Any CPU.ActiveCfg = Debug|Any CPU
		{5701F203-BD39-4826-81D9-1E32831D8A21}.Debug|Any CPU.Build.0 = Debug|Any CPU
		{5701F203-BD39-4826-81D9-1E32831D8A21}.Release|Any CPU.ActiveCfg = Release|Any CPU
		{5701F203-BD39-4826-81D9-1E32831D8A21}.Release|Any CPU.Build.0 = Release|Any CPU
	EndGlobalSection
	GlobalSection(SolutionProperties) = preSolution
		HideSolutionNode = FALSE
	EndGlobalSection
	GlobalSection(ExtensibilityGlobals) = postSolution
		SolutionGuid = {A19D1CD3-7643-4084-8259-6F5E00DB240D}
	EndGlobalSection
EndGlobal
