
Microsoft Visual Studio Solution File, Format Version 12.00
# Visual Studio Version 16
VisualStudioVersion = 16.0.32901.82
MinimumVisualStudioVersion = 10.0.40219.1
Project("{FAE04EC0-301F-11D3-BF4B-00C04F79EFBC}") = "Iyerarxiya", "Iyerarxiya\Iyerarxiya.csproj", "{B59689FB-ACAC-4CC1-9C7E-F9454CC585D8}"
EndProject
Global
	GlobalSection(SolutionConfigurationPlatforms) = preSolution
		Debug|Any CPU = Debug|Any CPU
		Release|Any CPU = Release|Any CPU
	EndGlobalSection
	GlobalSection(ProjectConfigurationPlatforms) = postSolution
		{B59689FB-ACAC-4CC1-9C7E-F9454CC585D8}.Debug|Any CPU.ActiveCfg = Debug|Any CPU
		{B59689FB-ACAC-4CC1-9C7E-F9454CC585D8}.Debug|Any CPU.Build.0 = Debug|Any CPU
		{B59689FB-ACAC-4CC1-9C7E-F9454CC585D8}.Release|Any CPU.ActiveCfg = Release|Any CPU
		{B59689FB-ACAC-4CC1-9C7E-F9454CC585D8}.Release|Any CPU.Build.0 = Release|Any CPU
	EndGlobalSection
	GlobalSection(SolutionProperties) = preSolution
		HideSolutionNode = FALSE
	EndGlobalSection
	GlobalSection(ExtensibilityGlobals) = postSolution
		SolutionGuid = {18B65225-9C7D-4A4D-B680-0765AFA69D73}
	EndGlobalSection
EndGlobal
